
Microsoft Visual Studio Solution File, Format Version 12.00
# Visual Studio 15
VisualStudioVersion = 15.0.28307.1259
MinimumVisualStudioVersion = 10.0.40219.1
Project("{9A19103F-16F7-4668-BE54-9A1E7A4F7556}") = "shaper", "shaper.csproj", "{513F3B3A-C07D-4572-8272-905E9EE938E9}"
EndProject
Global
	GlobalSection(SolutionConfigurationPlatforms) = preSolution
		Debug|Any CPU = Debug|Any CPU
		Release|Any CPU = Release|Any CPU
	EndGlobalSection
	GlobalSection(ProjectConfigurationPlatforms) = postSolution
		{513F3B3A-C07D-4572-8272-905E9EE938E9}.Debug|Any CPU.ActiveCfg = Debug|Any CPU
		{513F3B3A-C07D-4572-8272-905E9EE938E9}.Debug|Any CPU.Build.0 = Debug|Any CPU
		{513F3B3A-C07D-4572-8272-905E9EE938E9}.Release|Any CPU.ActiveCfg = Release|Any CPU
		{513F3B3A-C07D-4572-8272-905E9EE938E9}.Release|Any CPU.Build.0 = Release|Any CPU
	EndGlobalSection
	GlobalSection(SolutionProperties) = preSolution
		HideSolutionNode = FALSE
	EndGlobalSection
	GlobalSection(ExtensibilityGlobals) = postSolution
		SolutionGuid = {C3C9A41F-E728-46F1-A0B3-7269EC2ACCDF}
	EndGlobalSection
EndGlobal
